Microsoft Visual Studio Solution File, Format Version 12.00
# Visual Studio Version 17
VisualStudioVersion = 17.5.2.0
MinimumVisualStudioVersion = 10.0.40219.1
Project("{FAE04EC0-301F-11D3-BF4B-00C04F79EFBC}") = "Splitkaro.API", "Splitkaro.API.csproj", "{1D18D817-1FEC-6284-34B7-5A131CE631B2}"
EndProject
Global
	GlobalSection(SolutionConfigurationPlatforms) = preSolution
		Debug|Any CPU = Debug|Any CPU
		Release|Any CPU = Release|Any CPU
	EndGlobalSection
	GlobalSection(ProjectConfigurationPlatforms) = postSolution
		{1D18D817-1FEC-6284-34B7-5A131CE631B2}.Debug|Any CPU.ActiveCfg = Debug|Any CPU
		{1D18D817-1FEC-6284-34B7-5A131CE631B2}.Debug|Any CPU.Build.0 = Debug|Any CPU
		{1D18D817-1FEC-6284-34B7-5A131CE631B2}.Release|Any CPU.ActiveCfg = Release|Any CPU
		{1D18D817-1FEC-6284-34B7-5A131CE631B2}.Release|Any CPU.Build.0 = Release|Any CPU
	EndGlobalSection
	GlobalSection(SolutionProperties) = preSolution
		HideSolutionNode = FALSE
	EndGlobalSection
	GlobalSection(ExtensibilityGlobals) = postSolution
		SolutionGuid = {5A62FCE4-2942-425E-828E-1109E139F055}
	EndGlobalSection
EndGlobal
